
Microsoft Visual Studio Solution File, Format Version 12.00
# Visual Studio Version 17
VisualStudioVersion = 17.1.32228.430
MinimumVisualStudioVersion = 10.0.40219.1
Project("{2150E333-8FDC-42A3-9474-1A3956D46DE8}") = "Solution Items", "Solution Items", "{1FA45FEF-6448-4886-9E35-0E9A2D828AC6}"
	ProjectSection(SolutionItems) = preProject
		License = License
		README.md = README.md
	EndProjectSection
EndProject
Project("{9A19103F-16F7-4668-BE54-9A1E7A4F7556}") = "CalculateX", "Windows.Source\CalculateX\CalculateX.csproj", "{46271123-BEBD-4FF6-8B13-77D68A17C874}"
EndProject
Project("{9A19103F-16F7-4668-BE54-9A1E7A4F7556}") = "CalculateX.UnitTests", "Windows.Source\CalculateX.UnitTests\CalculateX.UnitTests.csproj", "{4F65FDEA-9A4F-4674-90AA-53F427568954}"
EndProject
Project("{9A19103F-16F7-4668-BE54-9A1E7A4F7556}") = "MathExpressions.UnitTests", "Windows.Source\MathExpressions.UnitTests\MathExpressions.UnitTests.csproj", "{28F172FF-144A-4016-AFE4-55B28FD1D902}"
EndProject
Project("{9A19103F-16F7-4668-BE54-9A1E7A4F7556}") = "MathExpressions", "Windows.Source\MathExpressions\MathExpressions.csproj", "{9DE9392B-9BB3-4928-8D57-653FA40CEE85}"
EndProject
Project("{C7167F0D-BC9F-4E6E-AFE1-012C56B48DB5}") = "CalculateX.Package", "Windows.Package\CalculateX.Package.wapproj", "{6A87FB45-DEA9-4601-9451-B5916F5BEF22}"
EndProject
Global
	GlobalSection(SolutionConfigurationPlatforms) = preSolution
		Debug|Any CPU = Debug|Any CPU
		Debug|x64 = Debug|x64
		Debug|x86 = Debug|x86
		Release|Any CPU = Release|Any CPU
		Release|x64 = Release|x64
		Release|x86 = Release|x86
	EndGlobalSection
	GlobalSection(ProjectConfigurationPlatforms) = postSolution
		{46271123-BEBD-4FF6-8B13-77D68A17C874}.Debug|Any CPU.ActiveCfg = Debug|Any CPU
		{46271123-BEBD-4FF6-8B13-77D68A17C874}.Debug|Any CPU.Build.0 = Debug|Any CPU
		{46271123-BEBD-4FF6-8B13-77D68A17C874}.Debug|x64.ActiveCfg = Debug|x64
		{46271123-BEBD-4FF6-8B13-77D68A17C874}.Debug|x64.Build.0 = Debug|x64
		{46271123-BEBD-4FF6-8B13-77D68A17C874}.Debug|x86.ActiveCfg = Debug|x86
		{46271123-BEBD-4FF6-8B13-77D68A17C874}.Debug|x86.Build.0 = Debug|x86
		{46271123-BEBD-4FF6-8B13-77D68A17C874}.Release|Any CPU.ActiveCfg = Release|Any CPU
		{46271123-BEBD-4FF6-8B13-77D68A17C874}.Release|Any CPU.Build.0 = Release|Any CPU
		{46271123-BEBD-4FF6-8B13-77D68A17C874}.Release|x64.ActiveCfg = Release|x64
		{46271123-BEBD-4FF6-8B13-77D68A17C874}.Release|x64.Build.0 = Release|x64
		{46271123-BEBD-4FF6-8B13-77D68A17C874}.Release|x86.ActiveCfg = Release|x86
		{46271123-BEBD-4FF6-8B13-77D68A17C874}.Release|x86.Build.0 = Release|x86
		{28F172FF-144A-4016-AFE4-55B28FD1D902}.Debug|Any CPU.ActiveCfg = Debug|Any CPU
		{28F172FF-144A-4016-AFE4-55B28FD1D902}.Debug|Any CPU.Build.0 = Debug|Any CPU
		{28F172FF-144A-4016-AFE4-55B28FD1D902}.Debug|x64.ActiveCfg = Debug|x64
		{28F172FF-144A-4016-AFE4-55B28FD1D902}.Debug|x64.Build.0 = Debug|x64
		{28F172FF-144A-4016-AFE4-55B28FD1D902}.Debug|x86.ActiveCfg = Debug|x86
		{28F172FF-144A-4016-AFE4-55B28FD1D902}.Debug|x86.Build.0 = Debug|x86
		{28F172FF-144A-4016-AFE4-55B28FD1D902}.Release|Any CPU.ActiveCfg = Release|Any CPU
		{28F172FF-144A-4016-AFE4-55B28FD1D902}.Release|x64.ActiveCfg = Release|x64
		{28F172FF-144A-4016-AFE4-55B28FD1D902}.Release|x86.ActiveCfg = Release|x86
		{6A87FB45-DEA9-4601-9451-B5916F5BEF22}.Debug|Any CPU.ActiveCfg = Debug|Any CPU
		{6A87FB45-DEA9-4601-9451-B5916F5BEF22}.Debug|x64.ActiveCfg = Debug|x64
		{6A87FB45-DEA9-4601-9451-B5916F5BEF22}.Debug|x86.ActiveCfg = Debug|x86
		{6A87FB45-DEA9-4601-9451-B5916F5BEF22}.Release|Any CPU.ActiveCfg = Release|Any CPU
		{6A87FB45-DEA9-4601-9451-B5916F5BEF22}.Release|Any CPU.Build.0 = Release|Any CPU
		{6A87FB45-DEA9-4601-9451-B5916F5BEF22}.Release|Any CPU.Deploy.0 = Release|Any CPU
		{6A87FB45-DEA9-4601-9451-B5916F5BEF22}.Release|x64.ActiveCfg = Release|x64
		{6A87FB45-DEA9-4601-9451-B5916F5BEF22}.Release|x64.Build.0 = Release|x64
		{6A87FB45-DEA9-4601-9451-B5916F5BEF22}.Release|x64.Deploy.0 = Release|x64
		{6A87FB45-DEA9-4601-9451-B5916F5BEF22}.Release|x86.ActiveCfg = Release|x86
		{6A87FB45-DEA9-4601-9451-B5916F5BEF22}.Release|x86.Build.0 = Release|x86
		{6A87FB45-DEA9-4601-9451-B5916F5BEF22}.Release|x86.Deploy.0 = Release|x86
		{9DE9392B-9BB3-4928-8D57-653FA40CEE85}.Debug|Any CPU.ActiveCfg = Debug|Any CPU
		{9DE9392B-9BB3-4928-8D57-653FA40CEE85}.Debug|Any CPU.Build.0 = Debug|Any CPU
		{9DE9392B-9BB3-4928-8D57-653FA40CEE85}.Debug|x64.ActiveCfg = Debug|x64
		{9DE9392B-9BB3-4928-8D57-653FA40CEE85}.Debug|x64.Build.0 = Debug|x64
		{9DE9392B-9BB3-4928-8D57-653FA40CEE85}.Debug|x86.ActiveCfg = Debug|x86
		{9DE9392B-9BB3-4928-8D57-653FA40CEE85}.Debug|x86.Build.0 = Debug|x86
		{9DE9392B-9BB3-4928-8D57-653FA40CEE85}.Release|Any CPU.ActiveCfg = Release|Any CPU
		{9DE9392B-9BB3-4928-8D57-653FA40CEE85}.Release|Any CPU.Build.0 = Release|Any CPU
		{9DE9392B-9BB3-4928-8D57-653FA40CEE85}.Release|x64.ActiveCfg = Release|x64
		{9DE9392B-9BB3-4928-8D57-653FA40CEE85}.Release|x64.Build.0 = Release|x64
		{9DE9392B-9BB3-4928-8D57-653FA40CEE85}.Release|x86.ActiveCfg = Release|x86
		{9DE9392B-9BB3-4928-8D57-653FA40CEE85}.Release|x86.Build.0 = Release|x86
		{4F65FDEA-9A4F-4674-90AA-53F427568954}.Debug|Any CPU.ActiveCfg = Debug|Any CPU
		{4F65FDEA-9A4F-4674-90AA-53F427568954}.Debug|Any CPU.Build.0 = Debug|Any CPU
		{4F65FDEA-9A4F-4674-90AA-53F427568954}.Debug|x64.ActiveCfg = Debug|x64
		{4F65FDEA-9A4F-4674-90AA-53F427568954}.Debug|x64.Build.0 = Debug|x64
		{4F65FDEA-9A4F-4674-90AA-53F427568954}.Debug|x86.ActiveCfg = Debug|Any CPU
		{4F65FDEA-9A4F-4674-90AA-53F427568954}.Debug|x86.Build.0 = Debug|Any CPU
		{4F65FDEA-9A4F-4674-90AA-53F427568954}.Release|Any CPU.ActiveCfg = Release|Any CPU
		{4F65FDEA-9A4F-4674-90AA-53F427568954}.Release|Any CPU.Build.0 = Release|Any CPU
		{4F65FDEA-9A4F-4674-90AA-53F427568954}.Release|x64.ActiveCfg = Release|x64
		{4F65FDEA-9A4F-4674-90AA-53F427568954}.Release|x86.ActiveCfg = Release|Any CPU
		{4F65FDEA-9A4F-4674-90AA-53F427568954}.Release|x86.Build.0 = Release|Any CPU
	EndGlobalSection
	GlobalSection(SolutionProperties) = preSolution
		HideSolutionNode = FALSE
	EndGlobalSection
	GlobalSection(ExtensibilityGlobals) = postSolution
		SolutionGuid = {5002434A-EB32-40C6-B9CA-03098DDCF638}
	EndGlobalSection
EndGlobal
